
Microsoft Visual Studio Solution File, Format Version 12.00
# Visual Studio Version 16
VisualStudioVersion = 16.0.31911.196
MinimumVisualStudioVersion = 10.0.40219.1
Project("{9A19103F-16F7-4668-BE54-9A1E7A4F7556}") = "PushAPIToSQL", "PushAPIToSQL.csproj", "{584C3939-782C-4C7D-BFC8-1F4B82089EE2}"
EndProject
Global
	GlobalSection(SolutionConfigurationPlatforms) = preSolution
		Debug|Any CPU = Debug|Any CPU
		Release|Any CPU = Release|Any CPU
	EndGlobalSection
	GlobalSection(ProjectConfigurationPlatforms) = postSolution
		{584C3939-782C-4C7D-BFC8-1F4B82089EE2}.Debug|Any CPU.ActiveCfg = Debug|Any CPU
		{584C3939-782C-4C7D-BFC8-1F4B82089EE2}.Debug|Any CPU.Build.0 = Debug|Any CPU
		{584C3939-782C-4C7D-BFC8-1F4B82089EE2}.Release|Any CPU.ActiveCfg = Release|Any CPU
		{584C3939-782C-4C7D-BFC8-1F4B82089EE2}.Release|Any CPU.Build.0 = Release|Any CPU
	EndGlobalSection
	GlobalSection(SolutionProperties) = preSolution
		HideSolutionNode = FALSE
	EndGlobalSection
	GlobalSection(ExtensibilityGlobals) = postSolution
		SolutionGuid = {632B821D-DBA7-477A-8470-5222917B8EB2}
	EndGlobalSection
EndGlobal
